
Microsoft Visual Studio Solution File, Format Version 12.00
# Visual Studio Version 16
VisualStudioVersion = 16.0.29411.108
MinimumVisualStudioVersion = 10.0.40219.1
Project("{9A19103F-16F7-4668-BE54-9A1E7A4F7556}") = "Library.Core", "Library.Core\Library.Core.csproj", "{EA775C69-F803-4D66-BE2E-292DD580D400}"
EndProject
Project("{9A19103F-16F7-4668-BE54-9A1E7A4F7556}") = "Library.Infrastructure", "Library.Infrastructure\Library.Infrastructure.csproj", "{4220F6C4-54ED-4830-99B4-C8BA0A8DA3F7}"
EndProject
Project("{FAE04EC0-301F-11D3-BF4B-00C04F79EFBC}") = "Library.UnitTests", "Library.UnitTests\Library.UnitTests.csproj", "{5D3A559F-826B-4644-8573-A4D116A17C7A}"
EndProject
Global
	GlobalSection(SolutionConfigurationPlatforms) = preSolution
		Debug|Any CPU = Debug|Any CPU
		Release|Any CPU = Release|Any CPU
	EndGlobalSection
	GlobalSection(ProjectConfigurationPlatforms) = postSolution
		{EA775C69-F803-4D66-BE2E-292DD580D400}.Debug|Any CPU.ActiveCfg = Debug|Any CPU
		{EA775C69-F803-4D66-BE2E-292DD580D400}.Debug|Any CPU.Build.0 = Debug|Any CPU
		{EA775C69-F803-4D66-BE2E-292DD580D400}.Release|Any CPU.ActiveCfg = Release|Any CPU
		{EA775C69-F803-4D66-BE2E-292DD580D400}.Release|Any CPU.Build.0 = Release|Any CPU
		{4220F6C4-54ED-4830-99B4-C8BA0A8DA3F7}.Debug|Any CPU.ActiveCfg = Debug|Any CPU
		{4220F6C4-54ED-4830-99B4-C8BA0A8DA3F7}.Debug|Any CPU.Build.0 = Debug|Any CPU
		{4220F6C4-54ED-4830-99B4-C8BA0A8DA3F7}.Release|Any CPU.ActiveCfg = Release|Any CPU
		{4220F6C4-54ED-4830-99B4-C8BA0A8DA3F7}.Release|Any CPU.Build.0 = Release|Any CPU
		{5D3A559F-826B-4644-8573-A4D116A17C7A}.Debug|Any CPU.ActiveCfg = Debug|Any CPU
		{5D3A559F-826B-4644-8573-A4D116A17C7A}.Debug|Any CPU.Build.0 = Debug|Any CPU
		{5D3A559F-826B-4644-8573-A4D116A17C7A}.Release|Any CPU.ActiveCfg = Release|Any CPU
		{5D3A559F-826B-4644-8573-A4D116A17C7A}.Release|Any CPU.Build.0 = Release|Any CPU
	EndGlobalSection
	GlobalSection(SolutionProperties) = preSolution
		HideSolutionNode = FALSE
	EndGlobalSection
	GlobalSection(ExtensibilityGlobals) = postSolution
		SolutionGuid = {1FCEBF12-8A88-4C30-B0DA-E6D314E0D642}
	EndGlobalSection
EndGlobal
